
Microsoft Visual Studio Solution File, Format Version 12.00
# Visual Studio Version 17
VisualStudioVersion = 17.9.34622.214
MinimumVisualStudioVersion = 10.0.40219.1
Project("{FAE04EC0-301F-11D3-BF4B-00C04F79EFBC}") = "20240321", "20240321\20240321.csproj", "{13250883-08D6-4B96-917B-A5D0ADBB8FE8}"
EndProject
Global
	GlobalSection(SolutionConfigurationPlatforms) = preSolution
		Debug|Any CPU = Debug|Any CPU
		Release|Any CPU = Release|Any CPU
	EndGlobalSection
	GlobalSection(ProjectConfigurationPlatforms) = postSolution
		{13250883-08D6-4B96-917B-A5D0ADBB8FE8}.Debug|Any CPU.ActiveCfg = Debug|Any CPU
		{13250883-08D6-4B96-917B-A5D0ADBB8FE8}.Debug|Any CPU.Build.0 = Debug|Any CPU
		{13250883-08D6-4B96-917B-A5D0ADBB8FE8}.Release|Any CPU.ActiveCfg = Release|Any CPU
		{13250883-08D6-4B96-917B-A5D0ADBB8FE8}.Release|Any CPU.Build.0 = Release|Any CPU
	EndGlobalSection
	GlobalSection(SolutionProperties) = preSolution
		HideSolutionNode = FALSE
	EndGlobalSection
	GlobalSection(ExtensibilityGlobals) = postSolution
		SolutionGuid = {2D1D1F5D-644C-4F8B-99D6-F86CEADE03D2}
	EndGlobalSection
EndGlobal
