
Microsoft Visual Studio Solution File, Format Version 12.00
# Visual Studio Version 17
VisualStudioVersion = 17.9.34622.214
MinimumVisualStudioVersion = 10.0.40219.1
Project("{FAE04EC0-301F-11D3-BF4B-00C04F79EFBC}") = "project01_23240307", "project01_23240307\project01_23240307.csproj", "{68DB35D7-9A76-4628-ADF4-B9561D3A17CB}"
EndProject
Global
	GlobalSection(SolutionConfigurationPlatforms) = preSolution
		Debug|Any CPU = Debug|Any CPU
		Release|Any CPU = Release|Any CPU
	EndGlobalSection
	GlobalSection(ProjectConfigurationPlatforms) = postSolution
		{68DB35D7-9A76-4628-ADF4-B9561D3A17CB}.Debug|Any CPU.ActiveCfg = Debug|Any CPU
		{68DB35D7-9A76-4628-ADF4-B9561D3A17CB}.Debug|Any CPU.Build.0 = Debug|Any CPU
		{68DB35D7-9A76-4628-ADF4-B9561D3A17CB}.Release|Any CPU.ActiveCfg = Release|Any CPU
		{68DB35D7-9A76-4628-ADF4-B9561D3A17CB}.Release|Any CPU.Build.0 = Release|Any CPU
	EndGlobalSection
	GlobalSection(SolutionProperties) = preSolution
		HideSolutionNode = FALSE
	EndGlobalSection
	GlobalSection(ExtensibilityGlobals) = postSolution
		SolutionGuid = {8F2EAFE5-0BB8-4E83-B708-55BAE2CFD30F}
	EndGlobalSection
EndGlobal
